// !$*UTF8*$!
{
	archiveVersion = 1;
	classes = {
	};
	objectVersion = 48;
	objects = {

/* Begin PBXBuildFile section */
		717941A7204B13800090A86F /* AppDelegate.swift in Sources */ = {isa = PBXBuildFile; fileRef = 717941A6204B13800090A86F /* AppDelegate.swift */; };
		717941A9204B13800090A86F /* ViewController.swift in Sources */ = {isa = PBXBuildFile; fileRef = 717941A8204B13800090A86F /* ViewController.swift */; };
		717941B1204B13800090A86F /* LaunchScreen.storyboard in Resources */ = {isa = PBXBuildFile; fileRef = 717941AF204B13800090A86F /* LaunchScreen.storyboard */; };
		717941B9204B13B20090A86F /* Main.xib in Resources */ = {isa = PBXBuildFile; fileRef = 717941B8204B13B20090A86F /* Main.xib */; };
		717941BD204B2B640090A86F /* AddPatients.xib in Resources */ = {isa = PBXBuildFile; fileRef = 717941BC204B2B640090A86F /* AddPatients.xib */; };
		717941BF204B2C410090A86F /* AddPatientsController.swift in Sources */ = {isa = PBXBuildFile; fileRef = 717941BE204B2C410090A86F /* AddPatientsController.swift */; };
		717941C1204B360F0090A86F /* AddDoctors.xib in Resources */ = {isa = PBXBuildFile; fileRef = 717941C0204B360F0090A86F /* AddDoctors.xib */; };
		717941C5204B37D40090A86F /* AddDoctorController.swift in Sources */ = {isa = PBXBuildFile; fileRef = 717941C4204B37D40090A86F /* AddDoctorController.swift */; };
		717941C7204B3C600090A86F /* displayDoctors.xib in Resources */ = {isa = PBXBuildFile; fileRef = 717941C6204B3C600090A86F /* displayDoctors.xib */; };
		717941C9204B3CA80090A86F /* DisplayDoctorsController.swift in Sources */ = {isa = PBXBuildFile; fileRef = 717941C8204B3CA80090A86F /* DisplayDoctorsController.swift */; };
		717941CB204B3FEA0090A86F /* CreateBooking.xib in Resources */ = {isa = PBXBuildFile; fileRef = 717941CA204B3FEA0090A86F /* CreateBooking.xib */; };
		717941CD204B43230090A86F /* CreatingBookingController.swift in Sources */ = {isa = PBXBuildFile; fileRef = 717941CC204B43230090A86F /* CreatingBookingController.swift */; };
		717941CF204B47520090A86F /* DispayBooking.xib in Resources */ = {isa = PBXBuildFile; fileRef = 717941CE204B47520090A86F /* DispayBooking.xib */; };
		717941D1204B47E10090A86F /* DisplayBookingController.swift in Sources */ = {isa = PBXBuildFile; fileRef = 717941D0204B47E10090A86F /* DisplayBookingController.swift */; };
		717941D7204B4DB30090A86F /* DeleteBooking.xib in Resources */ = {isa = PBXBuildFile; fileRef = 717941D6204B4DB30090A86F /* DeleteBooking.xib */; };
		717941D9204B4EDD0090A86F /* DeleteBookingController.swift in Sources */ = {isa = PBXBuildFile; fileRef = 717941D8204B4EDD0090A86F /* DeleteBookingController.swift */; };
		717941E1204B597A0090A86F /* Data.swift in Sources */ = {isa = PBXBuildFile; fileRef = 717941E0204B597A0090A86F /* Data.swift */; };
		71FB87A1205EF0AA0045AE3F /* Model.xcdatamodeld in Sources */ = {isa = PBXBuildFile; fileRef = 71FB879F205EF0AA0045AE3F /* Model.xcdatamodeld */; };
/* End PBXBuildFile section */

/* Begin PBXFileReference section */
		717941A3204B13800090A86F /* A6.app */ = {isa = PBXFileReference; explicitFileType = wrapper.application; includeInIndex = 0; path = A6.app; sourceTree = BUILT_PRODUCTS_DIR; };
		717941A6204B13800090A86F /* AppDelegate.swift */ = {isa = PBXFileReference; lastKnownFileType = sourcecode.swift; path = AppDelegate.swift; sourceTree = "<group>"; };
		717941A8204B13800090A86F /* ViewController.swift */ = {isa = PBXFileReference; lastKnownFileType = sourcecode.swift; path = ViewController.swift; sourceTree = "<group>"; };
		717941B0204B13800090A86F /* Base */ = {isa = PBXFileReference; lastKnownFileType = file.storyboard; name = Base; path = Base.lproj/LaunchScreen.storyboard; sourceTree = "<group>"; };
		717941B2204B13800090A86F /* Info.plist */ = {isa = PBXFileReference; lastKnownFileType = text.plist.xml; path = Info.plist; sourceTree = "<group>"; };
		717941B8204B13B20090A86F /* Main.xib */ = {isa = PBXFileReference; lastKnownFileType = file.xib; path = Main.xib; sourceTree = "<group>"; };
		717941BC204B2B640090A86F /* AddPatients.xib */ = {isa = PBXFileReference; lastKnownFileType = file.xib; path = AddPatients.xib; sourceTree = "<group>"; };
		717941BE204B2C410090A86F /* AddPatientsController.swift */ = {isa = PBXFileReference; lastKnownFileType = sourcecode.swift; path = AddPatientsController.swift; sourceTree = "<group>"; };
		717941C0204B360F0090A86F /* AddDoctors.xib */ = {isa = PBXFileReference; lastKnownFileType = file.xib; path = AddDoctors.xib; sourceTree = "<group>"; };
		717941C4204B37D40090A86F /* AddDoctorController.swift */ = {isa = PBXFileReference; lastKnownFileType = sourcecode.swift; path = AddDoctorController.swift; sourceTree = "<group>"; };
		717941C6204B3C600090A86F /* displayDoctors.xib */ = {isa = PBXFileReference; lastKnownFileType = file.xib; path = displayDoctors.xib; sourceTree = "<group>"; };
		717941C8204B3CA80090A86F /* DisplayDoctorsController.swift */ = {isa = PBXFileReference; lastKnownFileType = sourcecode.swift; path = DisplayDoctorsController.swift; sourceTree = "<group>"; };
		717941CA204B3FEA0090A86F /* CreateBooking.xib */ = {isa = PBXFileReference; lastKnownFileType = file.xib; path = CreateBooking.xib; sourceTree = "<group>"; };
		717941CC204B43230090A86F /* CreatingBookingController.swift */ = {isa = PBXFileReference; lastKnownFileType = sourcecode.swift; path = CreatingBookingController.swift; sourceTree = "<group>"; };
		717941CE204B47520090A86F /* DispayBooking.xib */ = {isa = PBXFileReference; lastKnownFileType = file.xib; path = DispayBooking.xib; sourceTree = "<group>"; };
		717941D0204B47E10090A86F /* DisplayBookingController.swift */ = {isa = PBXFileReference; lastKnownFileType = sourcecode.swift; path = DisplayBookingController.swift; sourceTree = "<group>"; };
		717941D6204B4DB30090A86F /* DeleteBooking.xib */ = {isa = PBXFileReference; lastKnownFileType = file.xib; path = DeleteBooking.xib; sourceTree = "<group>"; };
		717941D8204B4EDD0090A86F /* DeleteBookingController.swift */ = {isa = PBXFileReference; lastKnownFileType = sourcecode.swift; path = DeleteBookingController.swift; sourceTree = "<group>"; };
		717941E0204B597A0090A86F /* Data.swift */ = {isa = PBXFileReference; lastKnownFileType = sourcecode.swift; path = Data.swift; sourceTree = "<group>"; };
		71FB87A0205EF0AA0045AE3F /* Model.xcdatamodel */ = {isa = PBXFileReference; lastKnownFileType = wrapper.xcdatamodel; path = Model.xcdatamodel; sourceTree = "<group>"; };
/* End PBXFileReference section */

/* Begin PBXFrameworksBuildPhase section */
		717941A0204B13800090A86F /* Frameworks */ = {
			isa = PBXFrameworksBuildPhase;
			buildActionMask = 2147483647;
			files = (
			);
			runOnlyForDeploymentPostprocessing = 0;
		};
/* End PBXFrameworksBuildPhase section */

/* Begin PBXGroup section */
		7179419A204B13800090A86F = {
			isa = PBXGroup;
			children = (
				717941A5204B13800090A86F /* A6 */,
				717941A4204B13800090A86F /* Products */,
			);
			sourceTree = "<group>";
		};
		717941A4204B13800090A86F /* Products */ = {
			isa = PBXGroup;
			children = (
				717941A3204B13800090A86F /* A6.app */,
			);
			name = Products;
			sourceTree = "<group>";
		};
		717941A5204B13800090A86F /* A6 */ = {
			isa = PBXGroup;
			children = (
				717941A6204B13800090A86F /* AppDelegate.swift */,
				71FB879F205EF0AA0045AE3F /* Model.xcdatamodeld */,
				717941A8204B13800090A86F /* ViewController.swift */,
				717941E0204B597A0090A86F /* Data.swift */,
				717941AF204B13800090A86F /* LaunchScreen.storyboard */,
				717941B2204B13800090A86F /* Info.plist */,
				717941B8204B13B20090A86F /* Main.xib */,
				717941D6204B4DB30090A86F /* DeleteBooking.xib */,
				717941D8204B4EDD0090A86F /* DeleteBookingController.swift */,
				717941CE204B47520090A86F /* DispayBooking.xib */,
				717941D0204B47E10090A86F /* DisplayBookingController.swift */,
				717941CA204B3FEA0090A86F /* CreateBooking.xib */,
				717941CC204B43230090A86F /* CreatingBookingController.swift */,
				717941BC204B2B640090A86F /* AddPatients.xib */,
				717941BE204B2C410090A86F /* AddPatientsController.swift */,
				717941C4204B37D40090A86F /* AddDoctorController.swift */,
				717941C0204B360F0090A86F /* AddDoctors.xib */,
				717941C6204B3C600090A86F /* displayDoctors.xib */,
				717941C8204B3CA80090A86F /* DisplayDoctorsController.swift */,
			);
			path = A6;
			sourceTree = "<group>";
		};
/* End PBXGroup section */

/* Begin PBXNativeTarget section */
		717941A2204B13800090A86F /* A6 */ = {
			isa = PBXNativeTarget;
			buildConfigurationList = 717941B5204B13800090A86F /* Build configuration list for PBXNativeTarget "A6" */;
			buildPhases = (
				7179419F204B13800090A86F /* Sources */,
				717941A0204B13800090A86F /* Frameworks */,
				717941A1204B13800090A86F /* Resources */,
			);
			buildRules = (
			);
			dependencies = (
			);
			name = A6;
			productName = A6;
			productReference = 717941A3204B13800090A86F /* A6.app */;
			productType = "com.apple.product-type.application";
		};
/* End PBXNativeTarget section */

/* Begin PBXProject section */
		7179419B204B13800090A86F /* Project object */ = {
			isa = PBXProject;
			attributes = {
				LastSwiftUpdateCheck = 0920;
				LastUpgradeCheck = 0920;
				ORGANIZATIONNAME = "Pooja Pingle";
				TargetAttributes = {
					717941A2204B13800090A86F = {
						CreatedOnToolsVersion = 9.2;
						ProvisioningStyle = Automatic;
					};
				};
			};
			buildConfigurationList = 7179419E204B13800090A86F /* Build configuration list for PBXProject "A6" */;
			compatibilityVersion = "Xcode 8.0";
			developmentRegion = en;
			hasScannedForEncodings = 0;
			knownRegions = (
				en,
				Base,
			);
			mainGroup = 7179419A204B13800090A86F;
			productRefGroup = 717941A4204B13800090A86F /* Products */;
			projectDirPath = "";
			projectRoot = "";
			targets = (
				717941A2204B13800090A86F /* A6 */,
			);
		};
/* End PBXProject section */

/* Begin PBXResourcesBuildPhase section */
		717941A1204B13800090A86F /* Resources */ = {
			isa = PBXResourcesBuildPhase;
			buildActionMask = 2147483647;
			files = (
				717941B1204B13800090A86F /* LaunchScreen.storyboard in Resources */,
				717941B9204B13B20090A86F /* Main.xib in Resources */,
				717941D7204B4DB30090A86F /* DeleteBooking.xib in Resources */,
				717941C7204B3C600090A86F /* displayDoctors.xib in Resources */,
				717941BD204B2B640090A86F /* AddPatients.xib in Resources */,
				717941CF204B47520090A86F /* DispayBooking.xib in Resources */,
				717941C1204B360F0090A86F /* AddDoctors.xib in Resources */,
				717941CB204B3FEA0090A86F /* CreateBooking.xib in Resources */,
			);
			runOnlyForDeploymentPostprocessing = 0;
		};
/* End PBXResourcesBuildPhase section */

/* Begin PBXSourcesBuildPhase section */
		7179419F204B13800090A86F /* Sources */ = {
			isa = PBXSourcesBuildPhase;
			buildActionMask = 2147483647;
			files = (
				717941CD204B43230090A86F /* CreatingBookingController.swift in Sources */,
				71FB87A1205EF0AA0045AE3F /* Model.xcdatamodeld in Sources */,
				717941D9204B4EDD0090A86F /* DeleteBookingController.swift in Sources */,
				717941C5204B37D40090A86F /* AddDoctorController.swift in Sources */,
				717941D1204B47E10090A86F /* DisplayBookingController.swift in Sources */,
				717941A9204B13800090A86F /* ViewController.swift in Sources */,
				717941E1204B597A0090A86F /* Data.swift in Sources */,
				717941A7204B13800090A86F /* AppDelegate.swift in Sources */,
				717941BF204B2C410090A86F /* AddPatientsController.swift in Sources */,
				717941C9204B3CA80090A86F /* DisplayDoctorsController.swift in Sources */,
			);
			runOnlyForDeploymentPostprocessing = 0;
		};
/* End PBXSourcesBuildPhase section */

/* Begin PBXVariantGroup section */
		717941AF204B13800090A86F /* LaunchScreen.storyboard */ = {
			isa = PBXVariantGroup;
			children = (
				717941B0204B13800090A86F /* Base */,
			);
			name = LaunchScreen.storyboard;
			sourceTree = "<group>";
		};
/* End PBXVariantGroup section */

/* Begin XCBuildConfiguration section */
		717941B3204B13800090A86F /* Debug */ = {
			isa = XCBuildConfiguration;
			buildSettings = {
				ALWAYS_SEARCH_USER_PATHS = NO;
				CLANG_ANALYZER_NONNULL = YES;
				CLANG_ANALYZER_NUMBER_OBJECT_CONVERSION = YES_AGGRESSIVE;
				CLANG_CXX_LANGUAGE_STANDARD = "gnu++14";
				CLANG_CXX_LIBRARY = "libc++";
				CLANG_ENABLE_MODULES = YES;
				CLANG_ENABLE_OBJC_ARC = YES;
				CLANG_WARN_BLOCK_CAPTURE_AUTORELEASING = YES;
				CLANG_WARN_BOOL_CONVERSION = YES;
				CLANG_WARN_COMMA = YES;
				CLANG_WARN_CONSTANT_CONVERSION = YES;
				CLANG_WARN_DIRECT_OBJC_ISA_USAGE = YES_ERROR;
				CLANG_WARN_DOCUMENTATION_COMMENTS = YES;
				CLANG_WARN_EMPTY_BODY = YES;
				CLANG_WARN_ENUM_CONVERSION = YES;
				CLANG_WARN_INFINITE_RECURSION = YES;
				CLANG_WARN_INT_CONVERSION = YES;
				CLANG_WARN_NON_LITERAL_NULL_CONVERSION = YES;
				CLANG_WARN_OBJC_LITERAL_CONVERSION = YES;
				CLANG_WARN_OBJC_ROOT_CLASS = YES_ERROR;
				CLANG_WARN_RANGE_LOOP_ANALYSIS = YES;
				CLANG_WARN_STRICT_PROTOTYPES = YES;
				CLANG_WARN_SUSPICIOUS_MOVE = YES;
				CLANG_WARN_UNGUARDED_AVAILABILITY = YES_AGGRESSIVE;
				CLANG_WARN_UNREACHABLE_CODE = YES;
				CLANG_WARN__DUPLICATE_METHOD_MATCH = YES;
				CODE_SIGN_IDENTITY = "iPhone Developer";
				COPY_PHASE_STRIP = NO;
				DEBUG_INFORMATION_FORMAT = dwarf;
				ENABLE_STRICT_OBJC_MSGSEND = YES;
				ENABLE_TESTABILITY = YES;
				GCC_C_LANGUAGE_STANDARD = gnu11;
				GCC_DYNAMIC_NO_PIC = NO;
				GCC_NO_COMMON_BLOCKS = YES;
				GCC_OPTIMIZATION_LEVEL = 0;
				GCC_PREPROCESSOR_DEFINITIONS = (
					"DEBUG=1",
					"$(inherited)",
				);
				GCC_WARN_64_TO_32_BIT_CONVERSION = YES;
				GCC_WARN_ABOUT_RETURN_TYPE = YES_ERROR;
				GCC_WARN_UNDECLARED_SELECTOR = YES;
				GCC_WARN_UNINITIALIZED_AUTOS = YES_AGGRESSIVE;
				GCC_WARN_UNUSED_FUNCTION = YES;
				GCC_WARN_UNUSED_VARIABLE = YES;
				IPHONEOS_DEPLOYMENT_TARGET = 11.2;
				MTL_ENABLE_DEBUG_INFO = YES;
				ONLY_ACTIVE_ARCH = YES;
				SDKROOT = iphoneos;
				SWIFT_ACTIVE_COMPILATION_CONDITIONS = DEBUG;
				SWIFT_OPTIMIZATION_LEVEL = "-Onone";
			};
			name = Debug;
		};
		717941B4204B13800090A86F /* Release */ = {
			isa = XCBuildConfiguration;
			buildSettings = {
				ALWAYS_SEARCH_USER_PATHS = NO;
				CLANG_ANALYZER_NONNULL = YES;
				CLANG_ANALYZER_NUMBER_OBJECT_CONVERSION = YES_AGGRESSIVE;
				CLANG_CXX_LANGUAGE_STANDARD = "gnu++14";
				CLANG_CXX_LIBRARY = "libc++";
				CLANG_ENABLE_MODULES = YES;
				CLANG_ENABLE_OBJC_ARC = YES;
				CLANG_WARN_BLOCK_CAPTURE_AUTORELEASING = YES;
				CLANG_WARN_BOOL_CONVERSION = YES;
				CLANG_WARN_COMMA = YES;
				CLANG_WARN_CONSTANT_CONVERSION = YES;
				CLANG_WARN_DIRECT_OBJC_ISA_USAGE = YES_ERROR;
				CLANG_WARN_DOCUMENTATION_COMMENTS = YES;
				CLANG_WARN_EMPTY_BODY = YES;
				CLANG_WARN_ENUM_CONVERSION = YES;
				CLANG_WARN_INFINITE_RECURSION = YES;
				CLANG_WARN_INT_CONVERSION = YES;
				CLANG_WARN_NON_LITERAL_NULL_CONVERSION = YES;
				CLANG_WARN_OBJC_LITERAL_CONVERSION = YES;
				CLANG_WARN_OBJC_ROOT_CLASS = YES_ERROR;
				CLANG_WARN_RANGE_LOOP_ANALYSIS = YES;
				CLANG_WARN_STRICT_PROTOTYPES = YES;
				CLANG_WARN_SUSPICIOUS_MOVE = YES;
				CLANG_WARN_UNGUARDED_AVAILABILITY = YES_AGGRESSIVE;
				CLANG_WARN_UNREACHABLE_CODE = YES;
				CLANG_WARN__DUPLICATE_METHOD_MATCH = YES;
				CODE_SIGN_IDENTITY = "iPhone Developer";
				COPY_PHASE_STRIP = NO;
				DEBUG_INFORMATION_FORMAT = "dwarf-with-dsym";
				ENABLE_NS_ASSERTIONS = NO;
				ENABLE_STRICT_OBJC_MSGSEND = YES;
				GCC_C_LANGUAGE_STANDARD = gnu11;
				GCC_NO_COMMON_BLOCKS = YES;
				GCC_WARN_64_TO_32_BIT_CONVERSION = YES;
				GCC_WARN_ABOUT_RETURN_TYPE = YES_ERROR;
				GCC_WARN_UNDECLARED_SELECTOR = YES;
				GCC_WARN_UNINITIALIZED_AUTOS = YES_AGGRESSIVE;
				GCC_WARN_UNUSED_FUNCTION = YES;
				GCC_WARN_UNUSED_VARIABLE = YES;
				IPHONEOS_DEPLOYMENT_TARGET = 11.2;
				MTL_ENABLE_DEBUG_INFO = NO;
				SDKROOT = iphoneos;
				SWIFT_OPTIMIZATION_LEVEL = "-Owholemodule";
				VALIDATE_PRODUCT = YES;
			};
			name = Release;
		};
		717941B6204B13800090A86F /* Debug */ = {
			isa = XCBuildConfiguration;
			buildSettings = {
				ASSETCATALOG_COMPILER_APPICON_NAME = AppIcon;
				CODE_SIGN_STYLE = Automatic;
				DEVELOPMENT_TEAM = DZT2Q8S9XA;
				INFOPLIST_FILE = A6/Info.plist;
				LD_RUNPATH_SEARCH_PATHS = "$(inherited) @executable_path/Frameworks";
				PRODUCT_BUNDLE_IDENTIFIER = A.A6;
				PRODUCT_NAME = "$(TARGET_NAME)";
				SWIFT_VERSION = 4.0;
				TARGETED_DEVICE_FAMILY = 1;
			};
			name = Debug;
		};
		717941B7204B13800090A86F /* Release */ = {
			isa = XCBuildConfiguration;
			buildSettings = {
				ASSETCATALOG_COMPILER_APPICON_NAME = AppIcon;
				CODE_SIGN_STYLE = Automatic;
				DEVELOPMENT_TEAM = DZT2Q8S9XA;
				INFOPLIST_FILE = A6/Info.plist;
				LD_RUNPATH_SEARCH_PATHS = "$(inherited) @executable_path/Frameworks";
				PRODUCT_BUNDLE_IDENTIFIER = A.A6;
				PRODUCT_NAME = "$(TARGET_NAME)";
				SWIFT_VERSION = 4.0;
				TARGETED_DEVICE_FAMILY = 1;
			};
			name = Release;
		};
/* End XCBuildConfiguration section */

/* Begin XCConfigurationList section */
		7179419E204B13800090A86F /* Build configuration list for PBXProject "A6" */ = {
			isa = XCConfigurationList;
			buildConfigurations = (
				717941B3204B13800090A86F /* Debug */,
				717941B4204B13800090A86F /* Release */,
			);
			defaultConfigurationIsVisible = 0;
			defaultConfigurationName = Release;
		};
		717941B5204B13800090A86F /* Build configuration list for PBXNativeTarget "A6" */ = {
			isa = XCConfigurationList;
			buildConfigurations = (
				717941B6204B13800090A86F /* Debug */,
				717941B7204B13800090A86F /* Release */,
			);
			defaultConfigurationIsVisible = 0;
			defaultConfigurationName = Release;
		};
/* End XCConfigurationList section */

/* Begin XCVersionGroup section */
		71FB879F205EF0AA0045AE3F /* Model.xcdatamodeld */ = {
			isa = XCVersionGroup;
			children = (
				71FB87A0205EF0AA0045AE3F /* Model.xcdatamodel */,
			);
			currentVersion = 71FB87A0205EF0AA0045AE3F /* Model.xcdatamodel */;
			path = Model.xcdatamodeld;
			sourceTree = "<group>";
			versionGroupType = wrapper.xcdatamodel;
		};
/* End XCVersionGroup section */
	};
	rootObject = 7179419B204B13800090A86F /* Project object */;
}
